
Microsoft Visual Studio Solution File, Format Version 12.00
# Visual Studio 15
VisualStudioVersion = 15.0.27130.2036
MinimumVisualStudioVersion = 10.0.40219.1
Project("{FAE04EC0-301F-11D3-BF4B-00C04F79EFBC}") = "LoginWithASPNETMVC", "LoginWithASPNETMVC\LoginWithASPNETMVC.csproj", "{A79FDF8F-7D5D-4140-AAAB-5AF3910CE3EE}"
EndProject
Global
	GlobalSection(SolutionConfigurationPlatforms) = preSolution
		Debug|Any CPU = Debug|Any CPU
		Release|Any CPU = Release|Any CPU
	EndGlobalSection
	GlobalSection(ProjectConfigurationPlatforms) = postSolution
		{A79FDF8F-7D5D-4140-AAAB-5AF3910CE3EE}.Debug|Any CPU.ActiveCfg = Debug|Any CPU
		{A79FDF8F-7D5D-4140-AAAB-5AF3910CE3EE}.Debug|Any CPU.Build.0 = Debug|Any CPU
		{A79FDF8F-7D5D-4140-AAAB-5AF3910CE3EE}.Release|Any CPU.ActiveCfg = Release|Any CPU
		{A79FDF8F-7D5D-4140-AAAB-5AF3910CE3EE}.Release|Any CPU.Build.0 = Release|Any CPU
	EndGlobalSection
	GlobalSection(SolutionProperties) = preSolution
		HideSolutionNode = FALSE
	EndGlobalSection
	GlobalSection(ExtensibilityGlobals) = postSolution
		SolutionGuid = {6399B2E9-42A1-4BEC-91E6-4066823798ED}
	EndGlobalSection
EndGlobal
